
Microsoft Visual Studio Solution File, Format Version 12.00
# Visual Studio 15
VisualStudioVersion = 15.0.28307.1525
MinimumVisualStudioVersion = 10.0.40219.1
Project("{FAE04EC0-301F-11D3-BF4B-00C04F79EFBC}") = "StarCapWeb", "StarCupCoffe2.0\StarCapWeb.csproj", "{1238581D-1175-4D2D-A372-27BC61B0098C}"
EndProject
Project("{FAE04EC0-301F-11D3-BF4B-00C04F79EFBC}") = "StarCapModel", "StarCapModel\StarCapModel.csproj", "{E109E838-D0AA-47CD-9FF7-F88AF5CA5BD4}"
EndProject
Global
	GlobalSection(SolutionConfigurationPlatforms) = preSolution
		Debug|Any CPU = Debug|Any CPU
		Release|Any CPU = Release|Any CPU
	EndGlobalSection
	GlobalSection(ProjectConfigurationPlatforms) = postSolution
		{1238581D-1175-4D2D-A372-27BC61B0098C}.Debug|Any CPU.ActiveCfg = Debug|Any CPU
		{1238581D-1175-4D2D-A372-27BC61B0098C}.Debug|Any CPU.Build.0 = Debug|Any CPU
		{1238581D-1175-4D2D-A372-27BC61B0098C}.Release|Any CPU.ActiveCfg = Release|Any CPU
		{1238581D-1175-4D2D-A372-27BC61B0098C}.Release|Any CPU.Build.0 = Release|Any CPU
		{E109E838-D0AA-47CD-9FF7-F88AF5CA5BD4}.Debug|Any CPU.ActiveCfg = Debug|Any CPU
		{E109E838-D0AA-47CD-9FF7-F88AF5CA5BD4}.Debug|Any CPU.Build.0 = Debug|Any CPU
		{E109E838-D0AA-47CD-9FF7-F88AF5CA5BD4}.Release|Any CPU.ActiveCfg = Release|Any CPU
		{E109E838-D0AA-47CD-9FF7-F88AF5CA5BD4}.Release|Any CPU.Build.0 = Release|Any CPU
	EndGlobalSection
	GlobalSection(SolutionProperties) = preSolution
		HideSolutionNode = FALSE
	EndGlobalSection
	GlobalSection(ExtensibilityGlobals) = postSolution
		SolutionGuid = {7363E02E-E3CF-4BE2-9A3C-48B1FCDADFC3}
	EndGlobalSection
EndGlobal
